// !$*UTF8*$!
{
	archiveVersion = 1;
	classes = {
	};
	objectVersion = 56;
	objects = {

/* Begin PBXBuildFile section */
		4832F011D6403D9C4D0DF77F /* RatingView.swift in Sources */ = {isa = PBXBuildFile; fileRef = 4832F86A39DFD44562CC67CD /* RatingView.swift */; };
		4832F78068FCCE569D34927B /* WebsiteButtonView.swift in Sources */ = {isa = PBXBuildFile; fileRef = 4832FFBB876714FC1984BE05 /* WebsiteButtonView.swift */; };
		5735887A28E5EEED00B8CACA /* ProfileView.swift in Sources */ = {isa = PBXBuildFile; fileRef = 5735887928E5EEED00B8CACA /* ProfileView.swift */; };
		577A276B28DBDD2900118BD4 /* iGameApp.swift in Sources */ = {isa = PBXBuildFile; fileRef = 577A276A28DBDD2900118BD4 /* iGameApp.swift */; };
		577A276D28DBDD2900118BD4 /* ContentView.swift in Sources */ = {isa = PBXBuildFile; fileRef = 577A276C28DBDD2900118BD4 /* ContentView.swift */; };
		577A276F28DBDD2A00118BD4 /* Assets.xcassets in Resources */ = {isa = PBXBuildFile; fileRef = 577A276E28DBDD2A00118BD4 /* Assets.xcassets */; };
		577A277228DBDD2A00118BD4 /* Preview Assets.xcassets in Resources */ = {isa = PBXBuildFile; fileRef = 577A277128DBDD2A00118BD4 /* Preview Assets.xcassets */; };
		577A277D28DC217800118BD4 /* Alamofire in Frameworks */ = {isa = PBXBuildFile; productRef = 577A277C28DC217800118BD4 /* Alamofire */; };
		577A278028DC219D00118BD4 /* SwiftyJSON in Frameworks */ = {isa = PBXBuildFile; productRef = 577A277F28DC219D00118BD4 /* SwiftyJSON */; };
		577A278428DC404D00118BD4 /* API.swift in Sources */ = {isa = PBXBuildFile; fileRef = 577A278328DC404D00118BD4 /* API.swift */; };
		577A278628DC703A00118BD4 /* GameDetailView.swift in Sources */ = {isa = PBXBuildFile; fileRef = 577A278528DC703A00118BD4 /* GameDetailView.swift */; };
		578C27DB28E5F7F600359B12 /* SDWebImageSwiftUI in Frameworks */ = {isa = PBXBuildFile; productRef = 578C27DA28E5F7F600359B12 /* SDWebImageSwiftUI */; };
		57B4BF7929003D2C00A2F5A2 /* FavoriteGames.xcdatamodeld in Sources */ = {isa = PBXBuildFile; fileRef = 57B4BF7729003D2C00A2F5A2 /* FavoriteGames.xcdatamodeld */; };
		57DF6D1428E324B4002BC050 /* GameSummaryView.swift in Sources */ = {isa = PBXBuildFile; fileRef = 57DF6D1328E324B4002BC050 /* GameSummaryView.swift */; };
		57EFB63D28DCA0E90054A8A5 /* GameHeaderView.swift in Sources */ = {isa = PBXBuildFile; fileRef = 57EFB63C28DCA0E90054A8A5 /* GameHeaderView.swift */; };
/* End PBXBuildFile section */

/* Begin PBXFileReference section */
		4832F86A39DFD44562CC67CD /* RatingView.swift */ = {isa = PBXFileReference; fileEncoding = 4; lastKnownFileType = sourcecode.swift; path = RatingView.swift; sourceTree = "<group>"; };
		4832FFBB876714FC1984BE05 /* WebsiteButtonView.swift */ = {isa = PBXFileReference; fileEncoding = 4; lastKnownFileType = sourcecode.swift; path = WebsiteButtonView.swift; sourceTree = "<group>"; };
		5735887928E5EEED00B8CACA /* ProfileView.swift */ = {isa = PBXFileReference; lastKnownFileType = sourcecode.swift; path = ProfileView.swift; sourceTree = "<group>"; };
		577A276728DBDD2900118BD4 /* iGame.app */ = {isa = PBXFileReference; explicitFileType = wrapper.application; includeInIndex = 0; path = iGame.app; sourceTree = BUILT_PRODUCTS_DIR; };
		577A276A28DBDD2900118BD4 /* iGameApp.swift */ = {isa = PBXFileReference; lastKnownFileType = sourcecode.swift; path = iGameApp.swift; sourceTree = "<group>"; };
		577A276C28DBDD2900118BD4 /* ContentView.swift */ = {isa = PBXFileReference; lastKnownFileType = sourcecode.swift; path = ContentView.swift; sourceTree = "<group>"; };
		577A276E28DBDD2A00118BD4 /* Assets.xcassets */ = {isa = PBXFileReference; lastKnownFileType = folder.assetcatalog; path = Assets.xcassets; sourceTree = "<group>"; };
		577A277128DBDD2A00118BD4 /* Preview Assets.xcassets */ = {isa = PBXFileReference; lastKnownFileType = folder.assetcatalog; path = "Preview Assets.xcassets"; sourceTree = "<group>"; };
		577A278328DC404D00118BD4 /* API.swift */ = {isa = PBXFileReference; lastKnownFileType = sourcecode.swift; path = API.swift; sourceTree = "<group>"; };
		577A278528DC703A00118BD4 /* GameDetailView.swift */ = {isa = PBXFileReference; lastKnownFileType = sourcecode.swift; path = GameDetailView.swift; sourceTree = "<group>"; };
		57B4BF7829003D2C00A2F5A2 /* FavoriteGames.xcdatamodel */ = {isa = PBXFileReference; lastKnownFileType = wrapper.xcdatamodel; path = FavoriteGames.xcdatamodel; sourceTree = "<group>"; };
		57DF6D1328E324B4002BC050 /* GameSummaryView.swift */ = {isa = PBXFileReference; lastKnownFileType = sourcecode.swift; path = GameSummaryView.swift; sourceTree = "<group>"; };
		57EFB63C28DCA0E90054A8A5 /* GameHeaderView.swift */ = {isa = PBXFileReference; lastKnownFileType = sourcecode.swift; path = GameHeaderView.swift; sourceTree = "<group>"; };
/* End PBXFileReference section */

/* Begin PBXFrameworksBuildPhase section */
		577A276428DBDD2900118BD4 /* Frameworks */ = {
			isa = PBXFrameworksBuildPhase;
			buildActionMask = 2147483647;
			files = (
				578C27DB28E5F7F600359B12 /* SDWebImageSwiftUI in Frameworks */,
				577A278028DC219D00118BD4 /* SwiftyJSON in Frameworks */,
				577A277D28DC217800118BD4 /* Alamofire in Frameworks */,
			);
			runOnlyForDeploymentPostprocessing = 0;
		};
/* End PBXFrameworksBuildPhase section */

/* Begin PBXGroup section */
		577A275E28DBDD2900118BD4 = {
			isa = PBXGroup;
			children = (
				577A276928DBDD2900118BD4 /* iGame */,
				577A276828DBDD2900118BD4 /* Products */,
			);
			sourceTree = "<group>";
		};
		577A276828DBDD2900118BD4 /* Products */ = {
			isa = PBXGroup;
			children = (
				577A276728DBDD2900118BD4 /* iGame.app */,
			);
			name = Products;
			sourceTree = "<group>";
		};
		577A276928DBDD2900118BD4 /* iGame */ = {
			isa = PBXGroup;
			children = (
				577A277A28DBE47500118BD4 /* ViewController */,
				577A277928DBE46F00118BD4 /* View */,
				577A277828DBE46500118BD4 /* API */,
				577A276E28DBDD2A00118BD4 /* Assets.xcassets */,
				577A277028DBDD2A00118BD4 /* Preview Content */,
				57B4BF7A29003D2F00A2F5A2 /* Model */,
			);
			path = iGame;
			sourceTree = "<group>";
		};
		577A277028DBDD2A00118BD4 /* Preview Content */ = {
			isa = PBXGroup;
			children = (
				577A277128DBDD2A00118BD4 /* Preview Assets.xcassets */,
			);
			path = "Preview Content";
			sourceTree = "<group>";
		};
		577A277828DBE46500118BD4 /* API */ = {
			isa = PBXGroup;
			children = (
				577A278328DC404D00118BD4 /* API.swift */,
			);
			path = API;
			sourceTree = "<group>";
		};
		577A277928DBE46F00118BD4 /* View */ = {
			isa = PBXGroup;
			children = (
				4832F86A39DFD44562CC67CD /* RatingView.swift */,
				57EFB63C28DCA0E90054A8A5 /* GameHeaderView.swift */,
				57DF6D1328E324B4002BC050 /* GameSummaryView.swift */,
				4832FFBB876714FC1984BE05 /* WebsiteButtonView.swift */,
				5735887928E5EEED00B8CACA /* ProfileView.swift */,
			);
			path = View;
			sourceTree = "<group>";
		};
		577A277A28DBE47500118BD4 /* ViewController */ = {
			isa = PBXGroup;
			children = (
				577A276A28DBDD2900118BD4 /* iGameApp.swift */,
				577A276C28DBDD2900118BD4 /* ContentView.swift */,
				577A278528DC703A00118BD4 /* GameDetailView.swift */,
			);
			path = ViewController;
			sourceTree = "<group>";
		};
		57B4BF7A29003D2F00A2F5A2 /* Model */ = {
			isa = PBXGroup;
			children = (
				57B4BF7729003D2C00A2F5A2 /* FavoriteGames.xcdatamodeld */,
			);
			path = Model;
			sourceTree = "<group>";
		};
/* End PBXGroup section */

/* Begin PBXNativeTarget section */
		577A276628DBDD2900118BD4 /* iGame */ = {
			isa = PBXNativeTarget;
			buildConfigurationList = 577A277528DBDD2A00118BD4 /* Build configuration list for PBXNativeTarget "iGame" */;
			buildPhases = (
				577A276328DBDD2900118BD4 /* Sources */,
				577A276428DBDD2900118BD4 /* Frameworks */,
				577A276528DBDD2900118BD4 /* Resources */,
			);
			buildRules = (
			);
			dependencies = (
			);
			name = iGame;
			packageProductDependencies = (
				577A277C28DC217800118BD4 /* Alamofire */,
				577A277F28DC219D00118BD4 /* SwiftyJSON */,
				578C27DA28E5F7F600359B12 /* SDWebImageSwiftUI */,
			);
			productName = iGame;
			productReference = 577A276728DBDD2900118BD4 /* iGame.app */;
			productType = "com.apple.product-type.application";
		};
/* End PBXNativeTarget section */

/* Begin PBXProject section */
		577A275F28DBDD2900118BD4 /* Project object */ = {
			isa = PBXProject;
			attributes = {
				BuildIndependentTargetsInParallel = 1;
				LastSwiftUpdateCheck = 1400;
				LastUpgradeCheck = 1400;
				TargetAttributes = {
					577A276628DBDD2900118BD4 = {
						CreatedOnToolsVersion = 14.0;
					};
				};
			};
			buildConfigurationList = 577A276228DBDD2900118BD4 /* Build configuration list for PBXProject "iGame" */;
			compatibilityVersion = "Xcode 14.0";
			developmentRegion = en;
			hasScannedForEncodings = 0;
			knownRegions = (
				en,
				Base,
			);
			mainGroup = 577A275E28DBDD2900118BD4;
			packageReferences = (
				577A277B28DC217800118BD4 /* XCRemoteSwiftPackageReference "Alamofire" */,
				577A277E28DC219D00118BD4 /* XCRemoteSwiftPackageReference "SwiftyJSON" */,
				578C27D928E5F7F600359B12 /* XCRemoteSwiftPackageReference "SDWebImageSwiftUI" */,
			);
			productRefGroup = 577A276828DBDD2900118BD4 /* Products */;
			projectDirPath = "";
			projectRoot = "";
			targets = (
				577A276628DBDD2900118BD4 /* iGame */,
			);
		};
/* End PBXProject section */

/* Begin PBXResourcesBuildPhase section */
		577A276528DBDD2900118BD4 /* Resources */ = {
			isa = PBXResourcesBuildPhase;
			buildActionMask = 2147483647;
			files = (
				577A277228DBDD2A00118BD4 /* Preview Assets.xcassets in Resources */,
				577A276F28DBDD2A00118BD4 /* Assets.xcassets in Resources */,
			);
			runOnlyForDeploymentPostprocessing = 0;
		};
/* End PBXResourcesBuildPhase section */

/* Begin PBXSourcesBuildPhase section */
		577A276328DBDD2900118BD4 /* Sources */ = {
			isa = PBXSourcesBuildPhase;
			buildActionMask = 2147483647;
			files = (
				577A276D28DBDD2900118BD4 /* ContentView.swift in Sources */,
				5735887A28E5EEED00B8CACA /* ProfileView.swift in Sources */,
				577A278428DC404D00118BD4 /* API.swift in Sources */,
				57B4BF7929003D2C00A2F5A2 /* FavoriteGames.xcdatamodeld in Sources */,
				57EFB63D28DCA0E90054A8A5 /* GameHeaderView.swift in Sources */,
				57DF6D1428E324B4002BC050 /* GameSummaryView.swift in Sources */,
				577A276B28DBDD2900118BD4 /* iGameApp.swift in Sources */,
				577A278628DC703A00118BD4 /* GameDetailView.swift in Sources */,
				4832F011D6403D9C4D0DF77F /* RatingView.swift in Sources */,
				4832F78068FCCE569D34927B /* WebsiteButtonView.swift in Sources */,
			);
			runOnlyForDeploymentPostprocessing = 0;
		};
/* End PBXSourcesBuildPhase section */

/* Begin XCBuildConfiguration section */
		577A277328DBDD2A00118BD4 /* Debug */ = {
			isa = XCBuildConfiguration;
			buildSettings = {
				ALWAYS_SEARCH_USER_PATHS = NO;
				CLANG_ANALYZER_NONNULL = YES;
				CLANG_ANALYZER_NUMBER_OBJECT_CONVERSION = YES_AGGRESSIVE;
				CLANG_CXX_LANGUAGE_STANDARD = "gnu++20";
				CLANG_ENABLE_MODULES = YES;
				CLANG_ENABLE_OBJC_ARC = YES;
				CLANG_ENABLE_OBJC_WEAK = YES;
				CLANG_WARN_BLOCK_CAPTURE_AUTORELEASING = YES;
				CLANG_WARN_BOOL_CONVERSION = YES;
				CLANG_WARN_COMMA = YES;
				CLANG_WARN_CONSTANT_CONVERSION = YES;
				CLANG_WARN_DEPRECATED_OBJC_IMPLEMENTATIONS = YES;
				CLANG_WARN_DIRECT_OBJC_ISA_USAGE = YES_ERROR;
				CLANG_WARN_DOCUMENTATION_COMMENTS = YES;
				CLANG_WARN_EMPTY_BODY = YES;
				CLANG_WARN_ENUM_CONVERSION = YES;
				CLANG_WARN_INFINITE_RECURSION = YES;
				CLANG_WARN_INT_CONVERSION = YES;
				CLANG_WARN_NON_LITERAL_NULL_CONVERSION = YES;
				CLANG_WARN_OBJC_IMPLICIT_RETAIN_SELF = YES;
				CLANG_WARN_OBJC_LITERAL_CONVERSION = YES;
				CLANG_WARN_OBJC_ROOT_CLASS = YES_ERROR;
				CLANG_WARN_QUOTED_INCLUDE_IN_FRAMEWORK_HEADER = YES;
				CLANG_WARN_RANGE_LOOP_ANALYSIS = YES;
				CLANG_WARN_STRICT_PROTOTYPES = YES;
				CLANG_WARN_SUSPICIOUS_MOVE = YES;
				CLANG_WARN_UNGUARDED_AVAILABILITY = YES_AGGRESSIVE;
				CLANG_WARN_UNREACHABLE_CODE = YES;
				CLANG_WARN__DUPLICATE_METHOD_MATCH = YES;
				COPY_PHASE_STRIP = NO;
				DEBUG_INFORMATION_FORMAT = dwarf;
				ENABLE_STRICT_OBJC_MSGSEND = YES;
				ENABLE_TESTABILITY = YES;
				GCC_C_LANGUAGE_STANDARD = gnu11;
				GCC_DYNAMIC_NO_PIC = NO;
				GCC_NO_COMMON_BLOCKS = YES;
				GCC_OPTIMIZATION_LEVEL = 0;
				GCC_PREPROCESSOR_DEFINITIONS = (
					"DEBUG=1",
					"$(inherited)",
				);
				GCC_WARN_64_TO_32_BIT_CONVERSION = YES;
				GCC_WARN_ABOUT_RETURN_TYPE = YES_ERROR;
				GCC_WARN_UNDECLARED_SELECTOR = YES;
				GCC_WARN_UNINITIALIZED_AUTOS = YES_AGGRESSIVE;
				GCC_WARN_UNUSED_FUNCTION = YES;
				GCC_WARN_UNUSED_VARIABLE = YES;
				IPHONEOS_DEPLOYMENT_TARGET = 16.0;
				MTL_ENABLE_DEBUG_INFO = INCLUDE_SOURCE;
				MTL_FAST_MATH = YES;
				ONLY_ACTIVE_ARCH = YES;
				SDKROOT = iphoneos;
				SWIFT_ACTIVE_COMPILATION_CONDITIONS = DEBUG;
				SWIFT_OPTIMIZATION_LEVEL = "-Onone";
			};
			name = Debug;
		};
		577A277428DBDD2A00118BD4 /* Release */ = {
			isa = XCBuildConfiguration;
			buildSettings = {
				ALWAYS_SEARCH_USER_PATHS = NO;
				CLANG_ANALYZER_NONNULL = YES;
				CLANG_ANALYZER_NUMBER_OBJECT_CONVERSION = YES_AGGRESSIVE;
				CLANG_CXX_LANGUAGE_STANDARD = "gnu++20";
				CLANG_ENABLE_MODULES = YES;
				CLANG_ENABLE_OBJC_ARC = YES;
				CLANG_ENABLE_OBJC_WEAK = YES;
				CLANG_WARN_BLOCK_CAPTURE_AUTORELEASING = YES;
				CLANG_WARN_BOOL_CONVERSION = YES;
				CLANG_WARN_COMMA = YES;
				CLANG_WARN_CONSTANT_CONVERSION = YES;
				CLANG_WARN_DEPRECATED_OBJC_IMPLEMENTATIONS = YES;
				CLANG_WARN_DIRECT_OBJC_ISA_USAGE = YES_ERROR;
				CLANG_WARN_DOCUMENTATION_COMMENTS = YES;
				CLANG_WARN_EMPTY_BODY = YES;
				CLANG_WARN_ENUM_CONVERSION = YES;
				CLANG_WARN_INFINITE_RECURSION = YES;
				CLANG_WARN_INT_CONVERSION = YES;
				CLANG_WARN_NON_LITERAL_NULL_CONVERSION = YES;
				CLANG_WARN_OBJC_IMPLICIT_RETAIN_SELF = YES;
				CLANG_WARN_OBJC_LITERAL_CONVERSION = YES;
				CLANG_WARN_OBJC_ROOT_CLASS = YES_ERROR;
				CLANG_WARN_QUOTED_INCLUDE_IN_FRAMEWORK_HEADER = YES;
				CLANG_WARN_RANGE_LOOP_ANALYSIS = YES;
				CLANG_WARN_STRICT_PROTOTYPES = YES;
				CLANG_WARN_SUSPICIOUS_MOVE = YES;
				CLANG_WARN_UNGUARDED_AVAILABILITY = YES_AGGRESSIVE;
				CLANG_WARN_UNREACHABLE_CODE = YES;
				CLANG_WARN__DUPLICATE_METHOD_MATCH = YES;
				COPY_PHASE_STRIP = NO;
				DEBUG_INFORMATION_FORMAT = "dwarf-with-dsym";
				ENABLE_NS_ASSERTIONS = NO;
				ENABLE_STRICT_OBJC_MSGSEND = YES;
				GCC_C_LANGUAGE_STANDARD = gnu11;
				GCC_NO_COMMON_BLOCKS = YES;
				GCC_WARN_64_TO_32_BIT_CONVERSION = YES;
				GCC_WARN_ABOUT_RETURN_TYPE = YES_ERROR;
				GCC_WARN_UNDECLARED_SELECTOR = YES;
				GCC_WARN_UNINITIALIZED_AUTOS = YES_AGGRESSIVE;
				GCC_WARN_UNUSED_FUNCTION = YES;
				GCC_WARN_UNUSED_VARIABLE = YES;
				IPHONEOS_DEPLOYMENT_TARGET = 16.0;
				MTL_ENABLE_DEBUG_INFO = NO;
				MTL_FAST_MATH = YES;
				SDKROOT = iphoneos;
				SWIFT_COMPILATION_MODE = wholemodule;
				SWIFT_OPTIMIZATION_LEVEL = "-O";
				VALIDATE_PRODUCT = YES;
			};
			name = Release;
		};
		577A277628DBDD2A00118BD4 /* Debug */ = {
			isa = XCBuildConfiguration;
			buildSettings = {
				ASSETCATALOG_COMPILER_APPICON_NAME = AppIcon;
				ASSETCATALOG_COMPILER_GLOBAL_ACCENT_COLOR_NAME = AccentColor;
				CODE_SIGN_STYLE = Automatic;
				CURRENT_PROJECT_VERSION = 1;
				DEVELOPMENT_ASSET_PATHS = "\"iGame/Preview Content\"";
				DEVELOPMENT_TEAM = 2W8TC22856;
				ENABLE_PREVIEWS = YES;
				GENERATE_INFOPLIST_FILE = YES;
				INFOPLIST_KEY_UIApplicationSceneManifest_Generation = YES;
				INFOPLIST_KEY_UIApplicationSupportsIndirectInputEvents = YES;
				INFOPLIST_KEY_UILaunchScreen_Generation = YES;
				INFOPLIST_KEY_UISupportedInterfaceOrientations = UIInterfaceOrientationPortrait;
				INFOPLIST_KEY_UISupportedInterfaceOrientations_iPad = "UIInterfaceOrientationLandscapeLeft UIInterfaceOrientationLandscapeRight UIInterfaceOrientationPortrait UIInterfaceOrientationPortraitUpsideDown";
				IPHONEOS_DEPLOYMENT_TARGET = 15.0;
				LD_RUNPATH_SEARCH_PATHS = (
					"$(inherited)",
					"@executable_path/Frameworks",
				);
				MARKETING_VERSION = 1.0;
				PRODUCT_BUNDLE_IDENTIFIER = com.anugrahangga.iGame;
				PRODUCT_NAME = "$(TARGET_NAME)";
				SUPPORTED_PLATFORMS = "iphoneos iphonesimulator";
				SUPPORTS_MACCATALYST = NO;
				SUPPORTS_MAC_DESIGNED_FOR_IPHONE_IPAD = NO;
				SWIFT_EMIT_LOC_STRINGS = YES;
				SWIFT_VERSION = 5.0;
				TARGETED_DEVICE_FAMILY = 1;
			};
			name = Debug;
		};
		577A277728DBDD2A00118BD4 /* Release */ = {
			isa = XCBuildConfiguration;
			buildSettings = {
				ASSETCATALOG_COMPILER_APPICON_NAME = AppIcon;
				ASSETCATALOG_COMPILER_GLOBAL_ACCENT_COLOR_NAME = AccentColor;
				CODE_SIGN_STYLE = Automatic;
				CURRENT_PROJECT_VERSION = 1;
				DEVELOPMENT_ASSET_PATHS = "\"iGame/Preview Content\"";
				DEVELOPMENT_TEAM = 2W8TC22856;
				ENABLE_PREVIEWS = YES;
				GENERATE_INFOPLIST_FILE = YES;
				INFOPLIST_KEY_UIApplicationSceneManifest_Generation = YES;
				INFOPLIST_KEY_UIApplicationSupportsIndirectInputEvents = YES;
				INFOPLIST_KEY_UILaunchScreen_Generation = YES;
				INFOPLIST_KEY_UISupportedInterfaceOrientations = UIInterfaceOrientationPortrait;
				INFOPLIST_KEY_UISupportedInterfaceOrientations_iPad = "UIInterfaceOrientationLandscapeLeft UIInterfaceOrientationLandscapeRight UIInterfaceOrientationPortrait UIInterfaceOrientationPortraitUpsideDown";
				IPHONEOS_DEPLOYMENT_TARGET = 15.0;
				LD_RUNPATH_SEARCH_PATHS = (
					"$(inherited)",
					"@executable_path/Frameworks",
				);
				MARKETING_VERSION = 1.0;
				PRODUCT_BUNDLE_IDENTIFIER = com.anugrahangga.iGame;
				PRODUCT_NAME = "$(TARGET_NAME)";
				SUPPORTED_PLATFORMS = "iphoneos iphonesimulator";
				SUPPORTS_MACCATALYST = NO;
				SUPPORTS_MAC_DESIGNED_FOR_IPHONE_IPAD = NO;
				SWIFT_EMIT_LOC_STRINGS = YES;
				SWIFT_VERSION = 5.0;
				TARGETED_DEVICE_FAMILY = 1;
			};
			name = Release;
		};
/* End XCBuildConfiguration section */

/* Begin XCConfigurationList section */
		577A276228DBDD2900118BD4 /* Build configuration list for PBXProject "iGame" */ = {
			isa = XCConfigurationList;
			buildConfigurations = (
				577A277328DBDD2A00118BD4 /* Debug */,
				577A277428DBDD2A00118BD4 /* Release */,
			);
			defaultConfigurationIsVisible = 0;
			defaultConfigurationName = Release;
		};
		577A277528DBDD2A00118BD4 /* Build configuration list for PBXNativeTarget "iGame" */ = {
			isa = XCConfigurationList;
			buildConfigurations = (
				577A277628DBDD2A00118BD4 /* Debug */,
				577A277728DBDD2A00118BD4 /* Release */,
			);
			defaultConfigurationIsVisible = 0;
			defaultConfigurationName = Release;
		};
/* End XCConfigurationList section */

/* Begin XCRemoteSwiftPackageReference section */
		577A277B28DC217800118BD4 /* XCRemoteSwiftPackageReference "Alamofire" */ = {
			isa = XCRemoteSwiftPackageReference;
			repositoryURL = "https://github.com/Alamofire/Alamofire";
			requirement = {
				branch = master;
				kind = branch;
			};
		};
		577A277E28DC219D00118BD4 /* XCRemoteSwiftPackageReference "SwiftyJSON" */ = {
			isa = XCRemoteSwiftPackageReference;
			repositoryURL = "https://github.com/SwiftyJSON/SwiftyJSON";
			requirement = {
				branch = master;
				kind = branch;
			};
		};
		578C27D928E5F7F600359B12 /* XCRemoteSwiftPackageReference "SDWebImageSwiftUI" */ = {
			isa = XCRemoteSwiftPackageReference;
			repositoryURL = "https://github.com/SDWebImage/SDWebImageSwiftUI";
			requirement = {
				kind = upToNextMajorVersion;
				minimumVersion = 2.0.0;
			};
		};
/* End XCRemoteSwiftPackageReference section */

/* Begin XCSwiftPackageProductDependency section */
		577A277C28DC217800118BD4 /* Alamofire */ = {
			isa = XCSwiftPackageProductDependency;
			package = 577A277B28DC217800118BD4 /* XCRemoteSwiftPackageReference "Alamofire" */;
			productName = Alamofire;
		};
		577A277F28DC219D00118BD4 /* SwiftyJSON */ = {
			isa = XCSwiftPackageProductDependency;
			package = 577A277E28DC219D00118BD4 /* XCRemoteSwiftPackageReference "SwiftyJSON" */;
			productName = SwiftyJSON;
		};
		578C27DA28E5F7F600359B12 /* SDWebImageSwiftUI */ = {
			isa = XCSwiftPackageProductDependency;
			package = 578C27D928E5F7F600359B12 /* XCRemoteSwiftPackageReference "SDWebImageSwiftUI" */;
			productName = SDWebImageSwiftUI;
		};
/* End XCSwiftPackageProductDependency section */

/* Begin XCVersionGroup section */
		57B4BF7729003D2C00A2F5A2 /* FavoriteGames.xcdatamodeld */ = {
			isa = XCVersionGroup;
			children = (
				57B4BF7829003D2C00A2F5A2 /* FavoriteGames.xcdatamodel */,
			);
			currentVersion = 57B4BF7829003D2C00A2F5A2 /* FavoriteGames.xcdatamodel */;
			path = FavoriteGames.xcdatamodeld;
			sourceTree = "<group>";
			versionGroupType = wrapper.xcdatamodel;
		};
/* End XCVersionGroup section */
	};
	rootObject = 577A275F28DBDD2900118BD4 /* Project object */;
}
